
Microsoft Visual Studio Solution File, Format Version 12.00
# Visual Studio Version 17
VisualStudioVersion = 17.4.33205.214
MinimumVisualStudioVersion = 10.0.40219.1
Project("{FAE04EC0-301F-11D3-BF4B-00C04F79EFBC}") = "Consola", "Consola\Consola.csproj", "{26930DBA-4132-4445-8A5F-ECDA0371D36D}"
EndProject
Project("{FAE04EC0-301F-11D3-BF4B-00C04F79EFBC}") = "UI.Forms", "UI.Forms\UI.Forms.csproj", "{2B4053F7-5E9A-4391-85F3-F101E8FECAD1}"
EndProject
Global
	GlobalSection(SolutionConfigurationPlatforms) = preSolution
		Debug|Any CPU = Debug|Any CPU
		Release|Any CPU = Release|Any CPU
	EndGlobalSection
	GlobalSection(ProjectConfigurationPlatforms) = postSolution
		{26930DBA-4132-4445-8A5F-ECDA0371D36D}.Debug|Any CPU.ActiveCfg = Debug|Any CPU
		{26930DBA-4132-4445-8A5F-ECDA0371D36D}.Debug|Any CPU.Build.0 = Debug|Any CPU
		{26930DBA-4132-4445-8A5F-ECDA0371D36D}.Release|Any CPU.ActiveCfg = Release|Any CPU
		{26930DBA-4132-4445-8A5F-ECDA0371D36D}.Release|Any CPU.Build.0 = Release|Any CPU
		{2B4053F7-5E9A-4391-85F3-F101E8FECAD1}.Debug|Any CPU.ActiveCfg = Debug|Any CPU
		{2B4053F7-5E9A-4391-85F3-F101E8FECAD1}.Debug|Any CPU.Build.0 = Debug|Any CPU
		{2B4053F7-5E9A-4391-85F3-F101E8FECAD1}.Release|Any CPU.ActiveCfg = Release|Any CPU
		{2B4053F7-5E9A-4391-85F3-F101E8FECAD1}.Release|Any CPU.Build.0 = Release|Any CPU
	EndGlobalSection
	GlobalSection(SolutionProperties) = preSolution
		HideSolutionNode = FALSE
	EndGlobalSection
	GlobalSection(ExtensibilityGlobals) = postSolution
		SolutionGuid = {D0CD7F00-FA97-4133-93AB-00CA08D920FB}
	EndGlobalSection
EndGlobal
